// !$*UTF8*$!
{
	archiveVersion = 1;
	classes = {
	};
	objectVersion = 77;
	objects = {

/* Begin PBXBuildFile section */
		4EFDC9DF2F8DB09500D90EE8 /* AppDelegate.swift in Sources */ = {isa = PBXBuildFile; fileRef = 4EFDC9DE2F8DB09500D90EE8 /* AppDelegate.swift */; };
		4EFDC9E32F8DB09500D90EE8 /* Main.html in Resources */ = {isa = PBXBuildFile; fileRef = 4EFDC9E12F8DB09500D90EE8 /* Main.html */; };
		4EFDC9E52F8DB09500D90EE8 /* Icon.png in Resources */ = {isa = PBXBuildFile; fileRef = 4EFDC9E42F8DB09500D90EE8 /* Icon.png */; };
		4EFDC9E72F8DB09500D90EE8 /* Style.css in Resources */ = {isa = PBXBuildFile; fileRef = 4EFDC9E62F8DB09500D90EE8 /* Style.css */; };
		4EFDC9E92F8DB09500D90EE8 /* Script.js in Resources */ = {isa = PBXBuildFile; fileRef = 4EFDC9E82F8DB09500D90EE8 /* Script.js */; };
		4EFDC9EB2F8DB09500D90EE8 /* ViewController.swift in Sources */ = {isa = PBXBuildFile; fileRef = 4EFDC9EA2F8DB09500D90EE8 /* ViewController.swift */; };
		4EFDC9EE2F8DB09500D90EE8 /* Main.storyboard in Resources */ = {isa = PBXBuildFile; fileRef = 4EFDC9EC2F8DB09500D90EE8 /* Main.storyboard */; };
		4EFDC9F02F8DB09600D90EE8 /* Assets.xcassets in Resources */ = {isa = PBXBuildFile; fileRef = 4EFDC9EF2F8DB09600D90EE8 /* Assets.xcassets */; };
		4EFDC9F72F8DB09600D90EE8 /* SatMouse Extension.appex in Embed Foundation Extensions */ = {isa = PBXBuildFile; fileRef = 4EFDC9F62F8DB09600D90EE8 /* SatMouse Extension.appex */; settings = {ATTRIBUTES = (RemoveHeadersOnCopy, ); }; };
		4EFDC9FC2F8DB09600D90EE8 /* SafariWebExtensionHandler.swift in Sources */ = {isa = PBXBuildFile; fileRef = 4EFDC9FB2F8DB09600D90EE8 /* SafariWebExtensionHandler.swift */; };
		4EFDCA0C2F8DB09600D90EE8 /* background.js in Resources */ = {isa = PBXBuildFile; fileRef = 4EFDCA082F8DB09600D90EE8 /* background.js */; };
		4EFDCA0D2F8DB09600D90EE8 /* images in Resources */ = {isa = PBXBuildFile; fileRef = 4EFDCA092F8DB09600D90EE8 /* images */; };
		4EFDCA0E2F8DB09600D90EE8 /* manifest.json in Resources */ = {isa = PBXBuildFile; fileRef = 4EFDCA0A2F8DB09600D90EE8 /* manifest.json */; };
		4EFDCA0F2F8DB09600D90EE8 /* content.js in Resources */ = {isa = PBXBuildFile; fileRef = 4EFDCA0B2F8DB09600D90EE8 /* content.js */; };
/* End PBXBuildFile section */

/* Begin PBXContainerItemProxy section */
		4EFDC9F82F8DB09600D90EE8 /* PBXContainerItemProxy */ = {
			isa = PBXContainerItemProxy;
			containerPortal = 4EFDC9D32F8DB09500D90EE8 /* Project object */;
			proxyType = 1;
			remoteGlobalIDString = 4EFDC9F52F8DB09600D90EE8;
			remoteInfo = "SatMouse Extension";
		};
/* End PBXContainerItemProxy section */

/* Begin PBXCopyFilesBuildPhase section */
		4EFDCA032F8DB09600D90EE8 /* Embed Foundation Extensions */ = {
			isa = PBXCopyFilesBuildPhase;
			buildActionMask = 2147483647;
			dstPath = "";
			dstSubfolderSpec = 13;
			files = (
				4EFDC9F72F8DB09600D90EE8 /* SatMouse Extension.appex in Embed Foundation Extensions */,
			);
			name = "Embed Foundation Extensions";
			runOnlyForDeploymentPostprocessing = 0;
		};
/* End PBXCopyFilesBuildPhase section */

/* Begin PBXFileReference section */
		4EF4AAAF2F8DB0D700908743 /* SatMouse.entitlements */ = {isa = PBXFileReference; lastKnownFileType = text.plist.entitlements; path = SatMouse.entitlements; sourceTree = "<group>"; };
		4EFDC9DB2F8DB09500D90EE8 /* SatMouse.app */ = {isa = PBXFileReference; explicitFileType = wrapper.application; includeInIndex = 0; path = SatMouse.app; sourceTree = BUILT_PRODUCTS_DIR; };
		4EFDC9DE2F8DB09500D90EE8 /* AppDelegate.swift */ = {isa = PBXFileReference; lastKnownFileType = sourcecode.swift; path = AppDelegate.swift; sourceTree = "<group>"; };
		4EFDC9E22F8DB09500D90EE8 /* Base */ = {isa = PBXFileReference; lastKnownFileType = text.html; name = Base; path = Base.lproj/Main.html; sourceTree = "<group>"; };
		4EFDC9E42F8DB09500D90EE8 /* Icon.png */ = {isa = PBXFileReference; lastKnownFileType = image.png; path = Icon.png; sourceTree = "<group>"; };
		4EFDC9E62F8DB09500D90EE8 /* Style.css */ = {isa = PBXFileReference; lastKnownFileType = text.css; path = Style.css; sourceTree = "<group>"; };
		4EFDC9E82F8DB09500D90EE8 /* Script.js */ = {isa = PBXFileReference; lastKnownFileType = sourcecode.javascript; path = Script.js; sourceTree = "<group>"; };
		4EFDC9EA2F8DB09500D90EE8 /* ViewController.swift */ = {isa = PBXFileReference; lastKnownFileType = sourcecode.swift; path = ViewController.swift; sourceTree = "<group>"; };
		4EFDC9ED2F8DB09500D90EE8 /* Base */ = {isa = PBXFileReference; lastKnownFileType = file.storyboard; name = Base; path = Base.lproj/Main.storyboard; sourceTree = "<group>"; };
		4EFDC9EF2F8DB09600D90EE8 /* Assets.xcassets */ = {isa = PBXFileReference; lastKnownFileType = folder.assetcatalog; path = Assets.xcassets; sourceTree = "<group>"; };
		4EFDC9F12F8DB09600D90EE8 /* Info.plist */ = {isa = PBXFileReference; lastKnownFileType = text.plist.xml; path = Info.plist; sourceTree = "<group>"; };
		4EFDC9F62F8DB09600D90EE8 /* SatMouse Extension.appex */ = {isa = PBXFileReference; explicitFileType = "wrapper.app-extension"; includeInIndex = 0; path = "SatMouse Extension.appex"; sourceTree = BUILT_PRODUCTS_DIR; };
		4EFDC9FB2F8DB09600D90EE8 /* SafariWebExtensionHandler.swift */ = {isa = PBXFileReference; lastKnownFileType = sourcecode.swift; path = SafariWebExtensionHandler.swift; sourceTree = "<group>"; };
		4EFDC9FD2F8DB09600D90EE8 /* Info.plist */ = {isa = PBXFileReference; lastKnownFileType = text.plist.xml; path = Info.plist; sourceTree = "<group>"; };
		4EFDCA082F8DB09600D90EE8 /* background.js */ = {isa = PBXFileReference; lastKnownFileType = sourcecode.javascript; name = background.js; path = Resources/background.js; sourceTree = "<group>"; };
		4EFDCA092F8DB09600D90EE8 /* images */ = {isa = PBXFileReference; lastKnownFileType = folder; name = images; path = Resources/images; sourceTree = "<group>"; };
		4EFDCA0A2F8DB09600D90EE8 /* manifest.json */ = {isa = PBXFileReference; lastKnownFileType = text.json; name = manifest.json; path = Resources/manifest.json; sourceTree = "<group>"; };
		4EFDCA0B2F8DB09600D90EE8 /* content.js */ = {isa = PBXFileReference; lastKnownFileType = sourcecode.javascript; name = content.js; path = Resources/content.js; sourceTree = "<group>"; };
/* End PBXFileReference section */

/* Begin PBXFrameworksBuildPhase section */
		4EFDC9D82F8DB09500D90EE8 /* Frameworks */ = {
			isa = PBXFrameworksBuildPhase;
			buildActionMask = 2147483647;
			files = (
			);
			runOnlyForDeploymentPostprocessing = 0;
		};
		4EFDC9F32F8DB09600D90EE8 /* Frameworks */ = {
			isa = PBXFrameworksBuildPhase;
			buildActionMask = 2147483647;
			files = (
			);
			runOnlyForDeploymentPostprocessing = 0;
		};
/* End PBXFrameworksBuildPhase section */

/* Begin PBXGroup section */
		4EFDC9D22F8DB09500D90EE8 = {
			isa = PBXGroup;
			children = (
				4EFDC9DD2F8DB09500D90EE8 /* SatMouse */,
				4EFDC9FA2F8DB09600D90EE8 /* SatMouse Extension */,
				4EFDC9DC2F8DB09500D90EE8 /* Products */,
			);
			sourceTree = "<group>";
		};
		4EFDC9DC2F8DB09500D90EE8 /* Products */ = {
			isa = PBXGroup;
			children = (
				4EFDC9DB2F8DB09500D90EE8 /* SatMouse.app */,
				4EFDC9F62F8DB09600D90EE8 /* SatMouse Extension.appex */,
			);
			name = Products;
			sourceTree = "<group>";
		};
		4EFDC9DD2F8DB09500D90EE8 /* SatMouse */ = {
			isa = PBXGroup;
			children = (
				4EF4AAAF2F8DB0D700908743 /* SatMouse.entitlements */,
				4EFDC9DE2F8DB09500D90EE8 /* AppDelegate.swift */,
				4EFDC9EA2F8DB09500D90EE8 /* ViewController.swift */,
				4EFDC9EC2F8DB09500D90EE8 /* Main.storyboard */,
				4EFDC9EF2F8DB09600D90EE8 /* Assets.xcassets */,
				4EFDC9F12F8DB09600D90EE8 /* Info.plist */,
				4EFDC9E02F8DB09500D90EE8 /* Resources */,
			);
			path = SatMouse;
			sourceTree = "<group>";
		};
		4EFDC9E02F8DB09500D90EE8 /* Resources */ = {
			isa = PBXGroup;
			children = (
				4EFDC9E12F8DB09500D90EE8 /* Main.html */,
				4EFDC9E42F8DB09500D90EE8 /* Icon.png */,
				4EFDC9E62F8DB09500D90EE8 /* Style.css */,
				4EFDC9E82F8DB09500D90EE8 /* Script.js */,
			);
			path = Resources;
			sourceTree = "<group>";
		};
		4EFDC9FA2F8DB09600D90EE8 /* SatMouse Extension */ = {
			isa = PBXGroup;
			children = (
				4EFDCA072F8DB09600D90EE8 /* Resources */,
				4EFDC9FB2F8DB09600D90EE8 /* SafariWebExtensionHandler.swift */,
				4EFDC9FD2F8DB09600D90EE8 /* Info.plist */,
			);
			path = "SatMouse Extension";
			sourceTree = "<group>";
		};
		4EFDCA072F8DB09600D90EE8 /* Resources */ = {
			isa = PBXGroup;
			children = (
				4EFDCA082F8DB09600D90EE8 /* background.js */,
				4EFDCA092F8DB09600D90EE8 /* images */,
				4EFDCA0A2F8DB09600D90EE8 /* manifest.json */,
				4EFDCA0B2F8DB09600D90EE8 /* content.js */,
			);
			name = Resources;
			path = "SatMouse Extension";
			sourceTree = SOURCE_ROOT;
		};
/* End PBXGroup section */

/* Begin PBXNativeTarget section */
		4EFDC9DA2F8DB09500D90EE8 /* SatMouse */ = {
			isa = PBXNativeTarget;
			buildConfigurationList = 4EFDCA042F8DB09600D90EE8 /* Build configuration list for PBXNativeTarget "SatMouse" */;
			buildPhases = (
				4EFDC9D72F8DB09500D90EE8 /* Sources */,
				4EFDC9D82F8DB09500D90EE8 /* Frameworks */,
				4EFDC9D92F8DB09500D90EE8 /* Resources */,
				4EFDCA032F8DB09600D90EE8 /* Embed Foundation Extensions */,
			);
			buildRules = (
			);
			dependencies = (
				4EFDC9F92F8DB09600D90EE8 /* PBXTargetDependency */,
			);
			name = SatMouse;
			packageProductDependencies = (
			);
			productName = SatMouse;
			productReference = 4EFDC9DB2F8DB09500D90EE8 /* SatMouse.app */;
			productType = "com.apple.product-type.application";
		};
		4EFDC9F52F8DB09600D90EE8 /* SatMouse Extension */ = {
			isa = PBXNativeTarget;
			buildConfigurationList = 4EFDCA002F8DB09600D90EE8 /* Build configuration list for PBXNativeTarget "SatMouse Extension" */;
			buildPhases = (
				4EFDC9F22F8DB09600D90EE8 /* Sources */,
				4EFDC9F32F8DB09600D90EE8 /* Frameworks */,
				4EFDC9F42F8DB09600D90EE8 /* Resources */,
			);
			buildRules = (
			);
			dependencies = (
			);
			name = "SatMouse Extension";
			packageProductDependencies = (
			);
			productName = "SatMouse Extension";
			productReference = 4EFDC9F62F8DB09600D90EE8 /* SatMouse Extension.appex */;
			productType = "com.apple.product-type.app-extension";
		};
/* End PBXNativeTarget section */

/* Begin PBXProject section */
		4EFDC9D32F8DB09500D90EE8 /* Project object */ = {
			isa = PBXProject;
			attributes = {
				BuildIndependentTargetsInParallel = 1;
				LastSwiftUpdateCheck = 2620;
				LastUpgradeCheck = 2620;
				TargetAttributes = {
					4EFDC9DA2F8DB09500D90EE8 = {
						CreatedOnToolsVersion = 26.2;
					};
					4EFDC9F52F8DB09600D90EE8 = {
						CreatedOnToolsVersion = 26.2;
					};
				};
			};
			buildConfigurationList = 4EFDC9D62F8DB09500D90EE8 /* Build configuration list for PBXProject "SatMouse" */;
			developmentRegion = en;
			hasScannedForEncodings = 0;
			knownRegions = (
				en,
				Base,
			);
			mainGroup = 4EFDC9D22F8DB09500D90EE8;
			minimizedProjectReferenceProxies = 1;
			preferredProjectObjectVersion = 77;
			productRefGroup = 4EFDC9DC2F8DB09500D90EE8 /* Products */;
			projectDirPath = "";
			projectRoot = "";
			targets = (
				4EFDC9DA2F8DB09500D90EE8 /* SatMouse */,
				4EFDC9F52F8DB09600D90EE8 /* SatMouse Extension */,
			);
		};
/* End PBXProject section */

/* Begin PBXResourcesBuildPhase section */
		4EFDC9D92F8DB09500D90EE8 /* Resources */ = {
			isa = PBXResourcesBuildPhase;
			buildActionMask = 2147483647;
			files = (
				4EFDC9E52F8DB09500D90EE8 /* Icon.png in Resources */,
				4EFDC9EE2F8DB09500D90EE8 /* Main.storyboard in Resources */,
				4EFDC9E92F8DB09500D90EE8 /* Script.js in Resources */,
				4EFDC9E32F8DB09500D90EE8 /* Main.html in Resources */,
				4EFDC9F02F8DB09600D90EE8 /* Assets.xcassets in Resources */,
				4EFDC9E72F8DB09500D90EE8 /* Style.css in Resources */,
			);
			runOnlyForDeploymentPostprocessing = 0;
		};
		4EFDC9F42F8DB09600D90EE8 /* Resources */ = {
			isa = PBXResourcesBuildPhase;
			buildActionMask = 2147483647;
			files = (
				4EFDCA0F2F8DB09600D90EE8 /* content.js in Resources */,
				4EFDCA0D2F8DB09600D90EE8 /* images in Resources */,
				4EFDCA0E2F8DB09600D90EE8 /* manifest.json in Resources */,
				4EFDCA0C2F8DB09600D90EE8 /* background.js in Resources */,
			);
			runOnlyForDeploymentPostprocessing = 0;
		};
/* End PBXResourcesBuildPhase section */

/* Begin PBXSourcesBuildPhase section */
		4EFDC9D72F8DB09500D90EE8 /* Sources */ = {
			isa = PBXSourcesBuildPhase;
			buildActionMask = 2147483647;
			files = (
				4EFDC9EB2F8DB09500D90EE8 /* ViewController.swift in Sources */,
				4EFDC9DF2F8DB09500D90EE8 /* AppDelegate.swift in Sources */,
			);
			runOnlyForDeploymentPostprocessing = 0;
		};
		4EFDC9F22F8DB09600D90EE8 /* Sources */ = {
			isa = PBXSourcesBuildPhase;
			buildActionMask = 2147483647;
			files = (
				4EFDC9FC2F8DB09600D90EE8 /* SafariWebExtensionHandler.swift in Sources */,
			);
			runOnlyForDeploymentPostprocessing = 0;
		};
/* End PBXSourcesBuildPhase section */

/* Begin PBXTargetDependency section */
		4EFDC9F92F8DB09600D90EE8 /* PBXTargetDependency */ = {
			isa = PBXTargetDependency;
			target = 4EFDC9F52F8DB09600D90EE8 /* SatMouse Extension */;
			targetProxy = 4EFDC9F82F8DB09600D90EE8 /* PBXContainerItemProxy */;
		};
/* End PBXTargetDependency section */

/* Begin PBXVariantGroup section */
		4EFDC9E12F8DB09500D90EE8 /* Main.html */ = {
			isa = PBXVariantGroup;
			children = (
				4EFDC9E22F8DB09500D90EE8 /* Base */,
			);
			name = Main.html;
			sourceTree = "<group>";
		};
		4EFDC9EC2F8DB09500D90EE8 /* Main.storyboard */ = {
			isa = PBXVariantGroup;
			children = (
				4EFDC9ED2F8DB09500D90EE8 /* Base */,
			);
			name = Main.storyboard;
			sourceTree = "<group>";
		};
/* End PBXVariantGroup section */

/* Begin XCBuildConfiguration section */
		4EFDC9FE2F8DB09600D90EE8 /* Debug */ = {
			isa = XCBuildConfiguration;
			buildSettings = {
				ALWAYS_SEARCH_USER_PATHS = NO;
				ASSETCATALOG_COMPILER_GENERATE_SWIFT_ASSET_SYMBOL_EXTENSIONS = YES;
				CLANG_ANALYZER_NONNULL = YES;
				CLANG_ANALYZER_NUMBER_OBJECT_CONVERSION = YES_AGGRESSIVE;
				CLANG_CXX_LANGUAGE_STANDARD = "gnu++20";
				CLANG_ENABLE_MODULES = YES;
				CLANG_ENABLE_OBJC_ARC = YES;
				CLANG_ENABLE_OBJC_WEAK = YES;
				CLANG_WARN_BLOCK_CAPTURE_AUTORELEASING = YES;
				CLANG_WARN_BOOL_CONVERSION = YES;
				CLANG_WARN_COMMA = YES;
				CLANG_WARN_CONSTANT_CONVERSION = YES;
				CLANG_WARN_DEPRECATED_OBJC_IMPLEMENTATIONS = YES;
				CLANG_WARN_DIRECT_OBJC_ISA_USAGE = YES_ERROR;
				CLANG_WARN_DOCUMENTATION_COMMENTS = YES;
				CLANG_WARN_EMPTY_BODY = YES;
				CLANG_WARN_ENUM_CONVERSION = YES;
				CLANG_WARN_INFINITE_RECURSION = YES;
				CLANG_WARN_INT_CONVERSION = YES;
				CLANG_WARN_NON_LITERAL_NULL_CONVERSION = YES;
				CLANG_WARN_OBJC_IMPLICIT_RETAIN_SELF = YES;
				CLANG_WARN_OBJC_LITERAL_CONVERSION = YES;
				CLANG_WARN_OBJC_ROOT_CLASS = YES_ERROR;
				CLANG_WARN_QUOTED_INCLUDE_IN_FRAMEWORK_HEADER = YES;
				CLANG_WARN_RANGE_LOOP_ANALYSIS = YES;
				CLANG_WARN_STRICT_PROTOTYPES = YES;
				CLANG_WARN_SUSPICIOUS_MOVE = YES;
				CLANG_WARN_UNGUARDED_AVAILABILITY = YES_AGGRESSIVE;
				CLANG_WARN_UNREACHABLE_CODE = YES;
				CLANG_WARN__DUPLICATE_METHOD_MATCH = YES;
				COPY_PHASE_STRIP = NO;
				DEBUG_INFORMATION_FORMAT = dwarf;
				ENABLE_STRICT_OBJC_MSGSEND = YES;
				ENABLE_TESTABILITY = YES;
				ENABLE_USER_SCRIPT_SANDBOXING = YES;
				GCC_C_LANGUAGE_STANDARD = gnu17;
				GCC_DYNAMIC_NO_PIC = NO;
				GCC_NO_COMMON_BLOCKS = YES;
				GCC_OPTIMIZATION_LEVEL = 0;
				GCC_PREPROCESSOR_DEFINITIONS = (
					"DEBUG=1",
					"$(inherited)",
				);
				GCC_WARN_64_TO_32_BIT_CONVERSION = YES;
				GCC_WARN_ABOUT_RETURN_TYPE = YES_ERROR;
				GCC_WARN_UNDECLARED_SELECTOR = YES;
				GCC_WARN_UNINITIALIZED_AUTOS = YES_AGGRESSIVE;
				GCC_WARN_UNUSED_FUNCTION = YES;
				GCC_WARN_UNUSED_VARIABLE = YES;
				LOCALIZATION_PREFERS_STRING_CATALOGS = YES;
				MACOSX_DEPLOYMENT_TARGET = 26.2;
				MTL_ENABLE_DEBUG_INFO = INCLUDE_SOURCE;
				MTL_FAST_MATH = YES;
				ONLY_ACTIVE_ARCH = YES;
				SDKROOT = macosx;
				SWIFT_ACTIVE_COMPILATION_CONDITIONS = "DEBUG $(inherited)";
				SWIFT_OPTIMIZATION_LEVEL = "-Onone";
			};
			name = Debug;
		};
		4EFDC9FF2F8DB09600D90EE8 /* Release */ = {
			isa = XCBuildConfiguration;
			buildSettings = {
				ALWAYS_SEARCH_USER_PATHS = NO;
				ASSETCATALOG_COMPILER_GENERATE_SWIFT_ASSET_SYMBOL_EXTENSIONS = YES;
				CLANG_ANALYZER_NONNULL = YES;
				CLANG_ANALYZER_NUMBER_OBJECT_CONVERSION = YES_AGGRESSIVE;
				CLANG_CXX_LANGUAGE_STANDARD = "gnu++20";
				CLANG_ENABLE_MODULES = YES;
				CLANG_ENABLE_OBJC_ARC = YES;
				CLANG_ENABLE_OBJC_WEAK = YES;
				CLANG_WARN_BLOCK_CAPTURE_AUTORELEASING = YES;
				CLANG_WARN_BOOL_CONVERSION = YES;
				CLANG_WARN_COMMA = YES;
				CLANG_WARN_CONSTANT_CONVERSION = YES;
				CLANG_WARN_DEPRECATED_OBJC_IMPLEMENTATIONS = YES;
				CLANG_WARN_DIRECT_OBJC_ISA_USAGE = YES_ERROR;
				CLANG_WARN_DOCUMENTATION_COMMENTS = YES;
				CLANG_WARN_EMPTY_BODY = YES;
				CLANG_WARN_ENUM_CONVERSION = YES;
				CLANG_WARN_INFINITE_RECURSION = YES;
				CLANG_WARN_INT_CONVERSION = YES;
				CLANG_WARN_NON_LITERAL_NULL_CONVERSION = YES;
				CLANG_WARN_OBJC_IMPLICIT_RETAIN_SELF = YES;
				CLANG_WARN_OBJC_LITERAL_CONVERSION = YES;
				CLANG_WARN_OBJC_ROOT_CLASS = YES_ERROR;
				CLANG_WARN_QUOTED_INCLUDE_IN_FRAMEWORK_HEADER = YES;
				CLANG_WARN_RANGE_LOOP_ANALYSIS = YES;
				CLANG_WARN_STRICT_PROTOTYPES = YES;
				CLANG_WARN_SUSPICIOUS_MOVE = YES;
				CLANG_WARN_UNGUARDED_AVAILABILITY = YES_AGGRESSIVE;
				CLANG_WARN_UNREACHABLE_CODE = YES;
				CLANG_WARN__DUPLICATE_METHOD_MATCH = YES;
				COPY_PHASE_STRIP = NO;
				DEBUG_INFORMATION_FORMAT = "dwarf-with-dsym";
				ENABLE_NS_ASSERTIONS = NO;
				ENABLE_STRICT_OBJC_MSGSEND = YES;
				ENABLE_USER_SCRIPT_SANDBOXING = YES;
				GCC_C_LANGUAGE_STANDARD = gnu17;
				GCC_NO_COMMON_BLOCKS = YES;
				GCC_WARN_64_TO_32_BIT_CONVERSION = YES;
				GCC_WARN_ABOUT_RETURN_TYPE = YES_ERROR;
				GCC_WARN_UNDECLARED_SELECTOR = YES;
				GCC_WARN_UNINITIALIZED_AUTOS = YES_AGGRESSIVE;
				GCC_WARN_UNUSED_FUNCTION = YES;
				GCC_WARN_UNUSED_VARIABLE = YES;
				LOCALIZATION_PREFERS_STRING_CATALOGS = YES;
				MACOSX_DEPLOYMENT_TARGET = 26.2;
				MTL_ENABLE_DEBUG_INFO = NO;
				MTL_FAST_MATH = YES;
				SDKROOT = macosx;
				SWIFT_COMPILATION_MODE = wholemodule;
			};
			name = Release;
		};
		4EFDCA012F8DB09600D90EE8 /* Debug */ = {
			isa = XCBuildConfiguration;
			buildSettings = {
				CODE_SIGN_STYLE = Automatic;
				CURRENT_PROJECT_VERSION = 1;
				DEVELOPMENT_TEAM = QVJ72LNVSK;
				ENABLE_APP_SANDBOX = YES;
				ENABLE_HARDENED_RUNTIME = YES;
				ENABLE_INCOMING_NETWORK_CONNECTIONS = NO;
				ENABLE_OUTGOING_NETWORK_CONNECTIONS = YES;
				ENABLE_RESOURCE_ACCESS_AUDIO_INPUT = NO;
				ENABLE_RESOURCE_ACCESS_BLUETOOTH = NO;
				ENABLE_RESOURCE_ACCESS_CALENDARS = NO;
				ENABLE_RESOURCE_ACCESS_CAMERA = NO;
				ENABLE_RESOURCE_ACCESS_CONTACTS = NO;
				ENABLE_RESOURCE_ACCESS_LOCATION = NO;
				ENABLE_RESOURCE_ACCESS_PRINTING = NO;
				ENABLE_RESOURCE_ACCESS_USB = NO;
				ENABLE_USER_SELECTED_FILES = readonly;
				GENERATE_INFOPLIST_FILE = YES;
				INFOPLIST_FILE = "SatMouse Extension/Info.plist";
				INFOPLIST_KEY_CFBundleDisplayName = "SatMouse Extension";
				INFOPLIST_KEY_NSHumanReadableCopyright = "";
				LD_RUNPATH_SEARCH_PATHS = (
					"$(inherited)",
					"@executable_path/../Frameworks",
					"@executable_path/../../../../Frameworks",
				);
				MACOSX_DEPLOYMENT_TARGET = 10.14;
				MARKETING_VERSION = 1.0;
				OTHER_LDFLAGS = (
					"-framework",
					SafariServices,
				);
				PRODUCT_BUNDLE_IDENTIFIER = com.kelnishi.SatMouse.Extension;
				PRODUCT_NAME = "$(TARGET_NAME)";
				SKIP_INSTALL = YES;
				STRING_CATALOG_GENERATE_SYMBOLS = YES;
				SWIFT_APPROACHABLE_CONCURRENCY = YES;
				SWIFT_EMIT_LOC_STRINGS = YES;
				SWIFT_UPCOMING_FEATURE_MEMBER_IMPORT_VISIBILITY = YES;
				SWIFT_VERSION = 5.0;
			};
			name = Debug;
		};
		4EFDCA022F8DB09600D90EE8 /* Release */ = {
			isa = XCBuildConfiguration;
			buildSettings = {
				CODE_SIGN_STYLE = Automatic;
				CURRENT_PROJECT_VERSION = 1;
				DEVELOPMENT_TEAM = QVJ72LNVSK;
				ENABLE_APP_SANDBOX = YES;
				ENABLE_HARDENED_RUNTIME = YES;
				ENABLE_INCOMING_NETWORK_CONNECTIONS = NO;
				ENABLE_OUTGOING_NETWORK_CONNECTIONS = YES;
				ENABLE_RESOURCE_ACCESS_AUDIO_INPUT = NO;
				ENABLE_RESOURCE_ACCESS_BLUETOOTH = NO;
				ENABLE_RESOURCE_ACCESS_CALENDARS = NO;
				ENABLE_RESOURCE_ACCESS_CAMERA = NO;
				ENABLE_RESOURCE_ACCESS_CONTACTS = NO;
				ENABLE_RESOURCE_ACCESS_LOCATION = NO;
				ENABLE_RESOURCE_ACCESS_PRINTING = NO;
				ENABLE_RESOURCE_ACCESS_USB = NO;
				ENABLE_USER_SELECTED_FILES = readonly;
				GENERATE_INFOPLIST_FILE = YES;
				INFOPLIST_FILE = "SatMouse Extension/Info.plist";
				INFOPLIST_KEY_CFBundleDisplayName = "SatMouse Extension";
				INFOPLIST_KEY_NSHumanReadableCopyright = "";
				LD_RUNPATH_SEARCH_PATHS = (
					"$(inherited)",
					"@executable_path/../Frameworks",
					"@executable_path/../../../../Frameworks",
				);
				MACOSX_DEPLOYMENT_TARGET = 10.14;
				MARKETING_VERSION = 1.0;
				OTHER_LDFLAGS = (
					"-framework",
					SafariServices,
				);
				PRODUCT_BUNDLE_IDENTIFIER = com.kelnishi.SatMouse.Extension;
				PRODUCT_NAME = "$(TARGET_NAME)";
				SKIP_INSTALL = YES;
				STRING_CATALOG_GENERATE_SYMBOLS = YES;
				SWIFT_APPROACHABLE_CONCURRENCY = YES;
				SWIFT_EMIT_LOC_STRINGS = YES;
				SWIFT_UPCOMING_FEATURE_MEMBER_IMPORT_VISIBILITY = YES;
				SWIFT_VERSION = 5.0;
			};
			name = Release;
		};
		4EFDCA052F8DB09600D90EE8 /* Debug */ = {
			isa = XCBuildConfiguration;
			buildSettings = {
				ASSETCATALOG_COMPILER_APPICON_NAME = AppIcon;
				ASSETCATALOG_COMPILER_GLOBAL_ACCENT_COLOR_NAME = AccentColor;
				AUTOMATION_APPLE_EVENTS = NO;
				CODE_SIGN_STYLE = Automatic;
				COMBINE_HIDPI_IMAGES = YES;
				CURRENT_PROJECT_VERSION = 1;
				DEVELOPMENT_TEAM = QVJ72LNVSK;
				ENABLE_APP_SANDBOX = YES;
				ENABLE_HARDENED_RUNTIME = YES;
				ENABLE_INCOMING_NETWORK_CONNECTIONS = YES;
				ENABLE_OUTGOING_NETWORK_CONNECTIONS = YES;
				ENABLE_RESOURCE_ACCESS_AUDIO_INPUT = NO;
				ENABLE_RESOURCE_ACCESS_BLUETOOTH = YES;
				ENABLE_RESOURCE_ACCESS_CALENDARS = NO;
				ENABLE_RESOURCE_ACCESS_CAMERA = NO;
				ENABLE_RESOURCE_ACCESS_CONTACTS = NO;
				ENABLE_RESOURCE_ACCESS_LOCATION = NO;
				ENABLE_RESOURCE_ACCESS_PHOTO_LIBRARY = NO;
				ENABLE_RESOURCE_ACCESS_PRINTING = NO;
				ENABLE_RESOURCE_ACCESS_USB = YES;
				ENABLE_USER_SELECTED_FILES = readonly;
				GENERATE_INFOPLIST_FILE = YES;
				INFOPLIST_FILE = SatMouse/Info.plist;
				INFOPLIST_KEY_CFBundleDisplayName = SatMouse;
				INFOPLIST_KEY_NSHumanReadableCopyright = "";
				INFOPLIST_KEY_NSMainStoryboardFile = Main;
				INFOPLIST_KEY_NSPrincipalClass = NSApplication;
				LD_RUNPATH_SEARCH_PATHS = (
					"$(inherited)",
					"@executable_path/../Frameworks",
				);
				MARKETING_VERSION = 1.0;
				OTHER_LDFLAGS = (
					"-framework",
					SafariServices,
					"-framework",
					WebKit,
				);
				PRODUCT_BUNDLE_IDENTIFIER = com.kelnishi.SatMouse;
				PRODUCT_NAME = "$(TARGET_NAME)";
				REGISTER_APP_GROUPS = YES;
				RUNTIME_EXCEPTION_ALLOW_DYLD_ENVIRONMENT_VARIABLES = NO;
				RUNTIME_EXCEPTION_ALLOW_JIT = YES;
				RUNTIME_EXCEPTION_ALLOW_UNSIGNED_EXECUTABLE_MEMORY = NO;
				RUNTIME_EXCEPTION_DEBUGGING_TOOL = NO;
				RUNTIME_EXCEPTION_DISABLE_EXECUTABLE_PAGE_PROTECTION = NO;
				RUNTIME_EXCEPTION_DISABLE_LIBRARY_VALIDATION = YES;
				STRING_CATALOG_GENERATE_SYMBOLS = YES;
				SWIFT_APPROACHABLE_CONCURRENCY = YES;
				SWIFT_DEFAULT_ACTOR_ISOLATION = MainActor;
				SWIFT_EMIT_LOC_STRINGS = YES;
				SWIFT_UPCOMING_FEATURE_MEMBER_IMPORT_VISIBILITY = YES;
				SWIFT_VERSION = 5.0;
			};
			name = Debug;
		};
		4EFDCA062F8DB09600D90EE8 /* Release */ = {
			isa = XCBuildConfiguration;
			buildSettings = {
				ASSETCATALOG_COMPILER_APPICON_NAME = AppIcon;
				ASSETCATALOG_COMPILER_GLOBAL_ACCENT_COLOR_NAME = AccentColor;
				AUTOMATION_APPLE_EVENTS = NO;
				CODE_SIGN_STYLE = Automatic;
				COMBINE_HIDPI_IMAGES = YES;
				CURRENT_PROJECT_VERSION = 1;
				DEVELOPMENT_TEAM = QVJ72LNVSK;
				ENABLE_APP_SANDBOX = YES;
				ENABLE_HARDENED_RUNTIME = YES;
				ENABLE_INCOMING_NETWORK_CONNECTIONS = YES;
				ENABLE_OUTGOING_NETWORK_CONNECTIONS = YES;
				ENABLE_RESOURCE_ACCESS_AUDIO_INPUT = NO;
				ENABLE_RESOURCE_ACCESS_BLUETOOTH = YES;
				ENABLE_RESOURCE_ACCESS_CALENDARS = NO;
				ENABLE_RESOURCE_ACCESS_CAMERA = NO;
				ENABLE_RESOURCE_ACCESS_CONTACTS = NO;
				ENABLE_RESOURCE_ACCESS_LOCATION = NO;
				ENABLE_RESOURCE_ACCESS_PHOTO_LIBRARY = NO;
				ENABLE_RESOURCE_ACCESS_PRINTING = NO;
				ENABLE_RESOURCE_ACCESS_USB = YES;
				ENABLE_USER_SELECTED_FILES = readonly;
				GENERATE_INFOPLIST_FILE = YES;
				INFOPLIST_FILE = SatMouse/Info.plist;
				INFOPLIST_KEY_CFBundleDisplayName = SatMouse;
				INFOPLIST_KEY_NSHumanReadableCopyright = "";
				INFOPLIST_KEY_NSMainStoryboardFile = Main;
				INFOPLIST_KEY_NSPrincipalClass = NSApplication;
				LD_RUNPATH_SEARCH_PATHS = (
					"$(inherited)",
					"@executable_path/../Frameworks",
				);
				MARKETING_VERSION = 1.0;
				OTHER_LDFLAGS = (
					"-framework",
					SafariServices,
					"-framework",
					WebKit,
				);
				PRODUCT_BUNDLE_IDENTIFIER = com.kelnishi.SatMouse;
				PRODUCT_NAME = "$(TARGET_NAME)";
				REGISTER_APP_GROUPS = YES;
				RUNTIME_EXCEPTION_ALLOW_DYLD_ENVIRONMENT_VARIABLES = NO;
				RUNTIME_EXCEPTION_ALLOW_JIT = YES;
				RUNTIME_EXCEPTION_ALLOW_UNSIGNED_EXECUTABLE_MEMORY = NO;
				RUNTIME_EXCEPTION_DEBUGGING_TOOL = NO;
				RUNTIME_EXCEPTION_DISABLE_EXECUTABLE_PAGE_PROTECTION = NO;
				RUNTIME_EXCEPTION_DISABLE_LIBRARY_VALIDATION = YES;
				STRING_CATALOG_GENERATE_SYMBOLS = YES;
				SWIFT_APPROACHABLE_CONCURRENCY = YES;
				SWIFT_DEFAULT_ACTOR_ISOLATION = MainActor;
				SWIFT_EMIT_LOC_STRINGS = YES;
				SWIFT_UPCOMING_FEATURE_MEMBER_IMPORT_VISIBILITY = YES;
				SWIFT_VERSION = 5.0;
			};
			name = Release;
		};
/* End XCBuildConfiguration section */

/* Begin XCConfigurationList section */
		4EFDC9D62F8DB09500D90EE8 /* Build configuration list for PBXProject "SatMouse" */ = {
			isa = XCConfigurationList;
			buildConfigurations = (
				4EFDC9FE2F8DB09600D90EE8 /* Debug */,
				4EFDC9FF2F8DB09600D90EE8 /* Release */,
			);
			defaultConfigurationIsVisible = 0;
			defaultConfigurationName = Release;
		};
		4EFDCA002F8DB09600D90EE8 /* Build configuration list for PBXNativeTarget "SatMouse Extension" */ = {
			isa = XCConfigurationList;
			buildConfigurations = (
				4EFDCA012F8DB09600D90EE8 /* Debug */,
				4EFDCA022F8DB09600D90EE8 /* Release */,
			);
			defaultConfigurationIsVisible = 0;
			defaultConfigurationName = Release;
		};
		4EFDCA042F8DB09600D90EE8 /* Build configuration list for PBXNativeTarget "SatMouse" */ = {
			isa = XCConfigurationList;
			buildConfigurations = (
				4EFDCA052F8DB09600D90EE8 /* Debug */,
				4EFDCA062F8DB09600D90EE8 /* Release */,
			);
			defaultConfigurationIsVisible = 0;
			defaultConfigurationName = Release;
		};
/* End XCConfigurationList section */
	};
	rootObject = 4EFDC9D32F8DB09500D90EE8 /* Project object */;
}
